// !$*UTF8*$!
{
	archiveVersion = 1;
	classes = {
	};
	objectVersion = 46;
	objects = {

/* Begin PBXBuildFile section */
		263256C01839B18C00B122DD /* Foundation.framework in Frameworks */ = {isa = PBXBuildFile; fileRef = 263256BF1839B18C00B122DD /* Foundation.framework */; };
		263256C21839B18C00B122DD /* CoreGraphics.framework in Frameworks */ = {isa = PBXBuildFile; fileRef = 263256C11839B18C00B122DD /* CoreGraphics.framework */; };
		263256C41839B18C00B122DD /* UIKit.framework in Frameworks */ = {isa = PBXBuildFile; fileRef = 263256C31839B18C00B122DD /* UIKit.framework */; };
		263256CA1839B18C00B122DD /* InfoPlist.strings in Resources */ = {isa = PBXBuildFile; fileRef = 263256C81839B18C00B122DD /* InfoPlist.strings */; };
		263256CC1839B18C00B122DD /* main.m in Sources */ = {isa = PBXBuildFile; fileRef = 263256CB1839B18C00B122DD /* main.m */; };
		263256D01839B18C00B122DD /* AppDelegate.m in Sources */ = {isa = PBXBuildFile; fileRef = 263256CF1839B18C00B122DD /* AppDelegate.m */; };
		263256D31839B18C00B122DD /* Main.storyboard in Resources */ = {isa = PBXBuildFile; fileRef = 263256D11839B18C00B122DD /* Main.storyboard */; };
		263256D61839B18C00B122DD /* ViewController.m in Sources */ = {isa = PBXBuildFile; fileRef = 263256D51839B18C00B122DD /* ViewController.m */; };
		263256D81839B18C00B122DD /* Images.xcassets in Resources */ = {isa = PBXBuildFile; fileRef = 263256D71839B18C00B122DD /* Images.xcassets */; };
		263256DF1839B18C00B122DD /* XCTest.framework in Frameworks */ = {isa = PBXBuildFile; fileRef = 263256DE1839B18C00B122DD /* XCTest.framework */; };
		263256E01839B18C00B122DD /* Foundation.framework in Frameworks */ = {isa = PBXBuildFile; fileRef = 263256BF1839B18C00B122DD /* Foundation.framework */; };
		263256E11839B18C00B122DD /* UIKit.framework in Frameworks */ = {isa = PBXBuildFile; fileRef = 263256C31839B18C00B122DD /* UIKit.framework */; };
		263256E91839B18C00B122DD /* InfoPlist.strings in Resources */ = {isa = PBXBuildFile; fileRef = 263256E71839B18C00B122DD /* InfoPlist.strings */; };
		263256EB1839B18C00B122DD /* iOSControlDemoTests.m in Sources */ = {isa = PBXBuildFile; fileRef = 263256EA1839B18C00B122DD /* iOSControlDemoTests.m */; };
/* End PBXBuildFile section */

/* Begin PBXContainerItemProxy section */
		263256E21839B18C00B122DD /* PBXContainerItemProxy */ = {
			isa = PBXContainerItemProxy;
			containerPortal = 263256B41839B18C00B122DD /* Project object */;
			proxyType = 1;
			remoteGlobalIDString = 263256BB1839B18C00B122DD;
			remoteInfo = iOSControlDemo;
		};
/* End PBXContainerItemProxy section */

/* Begin PBXFileReference section */
		263256BC1839B18C00B122DD /* iOSControlDemo.app */ = {isa = PBXFileReference; explicitFileType = wrapper.application; includeInIndex = 0; path = iOSControlDemo.app; sourceTree = BUILT_PRODUCTS_DIR; };
		263256BF1839B18C00B122DD /* Foundation.framework */ = {isa = PBXFileReference; lastKnownFileType = wrapper.framework; name = Foundation.framework; path = System/Library/Frameworks/Foundation.framework; sourceTree = SDKROOT; };
		263256C11839B18C00B122DD /* CoreGraphics.framework */ = {isa = PBXFileReference; lastKnownFileType = wrapper.framework; name = CoreGraphics.framework; path = System/Library/Frameworks/CoreGraphics.framework; sourceTree = SDKROOT; };
		263256C31839B18C00B122DD /* UIKit.framework */ = {isa = PBXFileReference; lastKnownFileType = wrapper.framework; name = UIKit.framework; path = System/Library/Frameworks/UIKit.framework; sourceTree = SDKROOT; };
		263256C71839B18C00B122DD /* iOSControlDemo-Info.plist */ = {isa = PBXFileReference; lastKnownFileType = text.plist.xml; path = "iOSControlDemo-Info.plist"; sourceTree = "<group>"; };
		263256C91839B18C00B122DD /* en */ = {isa = PBXFileReference; lastKnownFileType = text.plist.strings; name = en; path = en.lproj/InfoPlist.strings; sourceTree = "<group>"; };
		263256CB1839B18C00B122DD /* main.m */ = {isa = PBXFileReference; lastKnownFileType = sourcecode.c.objc; path = main.m; sourceTree = "<group>"; };
		263256CD1839B18C00B122DD /* iOSControlDemo-Prefix.pch */ = {isa = PBXFileReference; lastKnownFileType = sourcecode.c.h; path = "iOSControlDemo-Prefix.pch"; sourceTree = "<group>"; };
		263256CE1839B18C00B122DD /* AppDelegate.h */ = {isa = PBXFileReference; lastKnownFileType = sourcecode.c.h; path = AppDelegate.h; sourceTree = "<group>"; };
		263256CF1839B18C00B122DD /* AppDelegate.m */ = {isa = PBXFileReference; lastKnownFileType = sourcecode.c.objc; path = AppDelegate.m; sourceTree = "<group>"; };
		263256D21839B18C00B122DD /* Base */ = {isa = PBXFileReference; lastKnownFileType = file.storyboard; name = Base; path = Base.lproj/Main.storyboard; sourceTree = "<group>"; };
		263256D41839B18C00B122DD /* ViewController.h */ = {isa = PBXFileReference; lastKnownFileType = sourcecode.c.h; path = ViewController.h; sourceTree = "<group>"; };
		263256D51839B18C00B122DD /* ViewController.m */ = {isa = PBXFileReference; lastKnownFileType = sourcecode.c.objc; path = ViewController.m; sourceTree = "<group>"; };
		263256D71839B18C00B122DD /* Images.xcassets */ = {isa = PBXFileReference; lastKnownFileType = folder.assetcatalog; path = Images.xcassets; sourceTree = "<group>"; };
		263256DD1839B18C00B122DD /* iOSControlDemoTests.xctest */ = {isa = PBXFileReference; explicitFileType = wrapper.cfbundle; includeInIndex = 0; path = iOSControlDemoTests.xctest; sourceTree = BUILT_PRODUCTS_DIR; };
		263256DE1839B18C00B122DD /* XCTest.framework */ = {isa = PBXFileReference; lastKnownFileType = wrapper.framework; name = XCTest.framework; path = Library/Frameworks/XCTest.framework; sourceTree = DEVELOPER_DIR; };
		263256E61839B18C00B122DD /* iOSControlDemoTests-Info.plist */ = {isa = PBXFileReference; lastKnownFileType = text.plist.xml; path = "iOSControlDemoTests-Info.plist"; sourceTree = "<group>"; };
		263256E81839B18C00B122DD /* en */ = {isa = PBXFileReference; lastKnownFileType = text.plist.strings; name = en; path = en.lproj/InfoPlist.strings; sourceTree = "<group>"; };
		263256EA1839B18C00B122DD /* iOSControlDemoTests.m */ = {isa = PBXFileReference; lastKnownFileType = sourcecode.c.objc; path = iOSControlDemoTests.m; sourceTree = "<group>"; };
/* End PBXFileReference section */

/* Begin PBXFrameworksBuildPhase section */
		263256B91839B18C00B122DD /* Frameworks */ = {
			isa = PBXFrameworksBuildPhase;
			buildActionMask = 2147483647;
			files = (
				263256C21839B18C00B122DD /* CoreGraphics.framework in Frameworks */,
				263256C41839B18C00B122DD /* UIKit.framework in Frameworks */,
				263256C01839B18C00B122DD /* Foundation.framework in Frameworks */,
			);
			runOnlyForDeploymentPostprocessing = 0;
		};
		263256DA1839B18C00B122DD /* Frameworks */ = {
			isa = PBXFrameworksBuildPhase;
			buildActionMask = 2147483647;
			files = (
				263256DF1839B18C00B122DD /* XCTest.framework in Frameworks */,
				263256E11839B18C00B122DD /* UIKit.framework in Frameworks */,
				263256E01839B18C00B122DD /* Foundation.framework in Frameworks */,
			);
			runOnlyForDeploymentPostprocessing = 0;
		};
/* End PBXFrameworksBuildPhase section */

/* Begin PBXGroup section */
		263256B31839B18C00B122DD = {
			isa = PBXGroup;
			children = (
				263256C51839B18C00B122DD /* iOSControlDemo */,
				263256E41839B18C00B122DD /* iOSControlDemoTests */,
				263256BE1839B18C00B122DD /* Frameworks */,
				263256BD1839B18C00B122DD /* Products */,
			);
			sourceTree = "<group>";
		};
		263256BD1839B18C00B122DD /* Products */ = {
			isa = PBXGroup;
			children = (
				263256BC1839B18C00B122DD /* iOSControlDemo.app */,
				263256DD1839B18C00B122DD /* iOSControlDemoTests.xctest */,
			);
			name = Products;
			sourceTree = "<group>";
		};
		263256BE1839B18C00B122DD /* Frameworks */ = {
			isa = PBXGroup;
			children = (
				263256BF1839B18C00B122DD /* Foundation.framework */,
				263256C11839B18C00B122DD /* CoreGraphics.framework */,
				263256C31839B18C00B122DD /* UIKit.framework */,
				263256DE1839B18C00B122DD /* XCTest.framework */,
			);
			name = Frameworks;
			sourceTree = "<group>";
		};
		263256C51839B18C00B122DD /* iOSControlDemo */ = {
			isa = PBXGroup;
			children = (
				263256CE1839B18C00B122DD /* AppDelegate.h */,
				263256CF1839B18C00B122DD /* AppDelegate.m */,
				263256D11839B18C00B122DD /* Main.storyboard */,
				263256D41839B18C00B122DD /* ViewController.h */,
				263256D51839B18C00B122DD /* ViewController.m */,
				263256D71839B18C00B122DD /* Images.xcassets */,
				263256C61839B18C00B122DD /* Supporting Files */,
			);
			path = iOSControlDemo;
			sourceTree = "<group>";
		};
		263256C61839B18C00B122DD /* Supporting Files */ = {
			isa = PBXGroup;
			children = (
				263256C71839B18C00B122DD /* iOSControlDemo-Info.plist */,
				263256C81839B18C00B122DD /* InfoPlist.strings */,
				263256CB1839B18C00B122DD /* main.m */,
				263256CD1839B18C00B122DD /* iOSControlDemo-Prefix.pch */,
			);
			name = "Supporting Files";
			sourceTree = "<group>";
		};
		263256E41839B18C00B122DD /* iOSControlDemoTests */ = {
			isa = PBXGroup;
			children = (
				263256EA1839B18C00B122DD /* iOSControlDemoTests.m */,
				263256E51839B18C00B122DD /* Supporting Files */,
			);
			path = iOSControlDemoTests;
			sourceTree = "<group>";
		};
		263256E51839B18C00B122DD /* Supporting Files */ = {
			isa = PBXGroup;
			children = (
				263256E61839B18C00B122DD /* iOSControlDemoTests-Info.plist */,
				263256E71839B18C00B122DD /* InfoPlist.strings */,
			);
			name = "Supporting Files";
			sourceTree = "<group>";
		};
/* End PBXGroup section */

/* Begin PBXNativeTarget section */
		263256BB1839B18C00B122DD /* iOSControlDemo */ = {
			isa = PBXNativeTarget;
			buildConfigurationList = 263256EE1839B18C00B122DD /* Build configuration list for PBXNativeTarget "iOSControlDemo" */;
			buildPhases = (
				263256B81839B18C00B122DD /* Sources */,
				263256B91839B18C00B122DD /* Frameworks */,
				263256BA1839B18C00B122DD /* Resources */,
			);
			buildRules = (
			);
			dependencies = (
			);
			name = iOSControlDemo;
			productName = iOSControlDemo;
			productReference = 263256BC1839B18C00B122DD /* iOSControlDemo.app */;
			productType = "com.apple.product-type.application";
		};
		263256DC1839B18C00B122DD /* iOSControlDemoTests */ = {
			isa = PBXNativeTarget;
			buildConfigurationList = 263256F11839B18C00B122DD /* Build configuration list for PBXNativeTarget "iOSControlDemoTests" */;
			buildPhases = (
				263256D91839B18C00B122DD /* Sources */,
				263256DA1839B18C00B122DD /* Frameworks */,
				263256DB1839B18C00B122DD /* Resources */,
			);
			buildRules = (
			);
			dependencies = (
				263256E31839B18C00B122DD /* PBXTargetDependency */,
			);
			name = iOSControlDemoTests;
			productName = iOSControlDemoTests;
			productReference = 263256DD1839B18C00B122DD /* iOSControlDemoTests.xctest */;
			productType = "com.apple.product-type.bundle.unit-test";
		};
/* End PBXNativeTarget section */

/* Begin PBXProject section */
		263256B41839B18C00B122DD /* Project object */ = {
			isa = PBXProject;
			attributes = {
				LastUpgradeCheck = 0500;
				ORGANIZATIONNAME = Lynnrichter;
				TargetAttributes = {
					263256DC1839B18C00B122DD = {
						TestTargetID = 263256BB1839B18C00B122DD;
					};
				};
			};
			buildConfigurationList = 263256B71839B18C00B122DD /* Build configuration list for PBXProject "iOSControlDemo" */;
			compatibilityVersion = "Xcode 3.2";
			developmentRegion = English;
			hasScannedForEncodings = 0;
			knownRegions = (
				en,
				Base,
			);
			mainGroup = 263256B31839B18C00B122DD;
			productRefGroup = 263256BD1839B18C00B122DD /* Products */;
			projectDirPath = "";
			projectRoot = "";
			targets = (
				263256BB1839B18C00B122DD /* iOSControlDemo */,
				263256DC1839B18C00B122DD /* iOSControlDemoTests */,
			);
		};
/* End PBXProject section */

/* Begin PBXResourcesBuildPhase section */
		263256BA1839B18C00B122DD /* Resources */ = {
			isa = PBXResourcesBuildPhase;
			buildActionMask = 2147483647;
			files = (
				263256D81839B18C00B122DD /* Images.xcassets in Resources */,
				263256CA1839B18C00B122DD /* InfoPlist.strings in Resources */,
				263256D31839B18C00B122DD /* Main.storyboard in Resources */,
			);
			runOnlyForDeploymentPostprocessing = 0;
		};
		263256DB1839B18C00B122DD /* Resources */ = {
			isa = PBXResourcesBuildPhase;
			buildActionMask = 2147483647;
			files = (
				263256E91839B18C00B122DD /* InfoPlist.strings in Resources */,
			);
			runOnlyForDeploymentPostprocessing = 0;
		};
/* End PBXResourcesBuildPhase section */

/* Begin PBXSourcesBuildPhase section */
		263256B81839B18C00B122DD /* Sources */ = {
			isa = PBXSourcesBuildPhase;
			buildActionMask = 2147483647;
			files = (
				263256D61839B18C00B122DD /* ViewController.m in Sources */,
				263256D01839B18C00B122DD /* AppDelegate.m in Sources */,
				263256CC1839B18C00B122DD /* main.m in Sources */,
			);
			runOnlyForDeploymentPostprocessing = 0;
		};
		263256D91839B18C00B122DD /* Sources */ = {
			isa = PBXSourcesBuildPhase;
			buildActionMask = 2147483647;
			files = (
				263256EB1839B18C00B122DD /* iOSControlDemoTests.m in Sources */,
			);
			runOnlyForDeploymentPostprocessing = 0;
		};
/* End PBXSourcesBuildPhase section */

/* Begin PBXTargetDependency section */
		263256E31839B18C00B122DD /* PBXTargetDependency */ = {
			isa = PBXTargetDependency;
			target = 263256BB1839B18C00B122DD /* iOSControlDemo */;
			targetProxy = 263256E21839B18C00B122DD /* PBXContainerItemProxy */;
		};
/* End PBXTargetDependency section */

/* Begin PBXVariantGroup section */
		263256C81839B18C00B122DD /* InfoPlist.strings */ = {
			isa = PBXVariantGroup;
			children = (
				263256C91839B18C00B122DD /* en */,
			);
			name = InfoPlist.strings;
			sourceTree = "<group>";
		};
		263256D11839B18C00B122DD /* Main.storyboard */ = {
			isa = PBXVariantGroup;
			children = (
				263256D21839B18C00B122DD /* Base */,
			);
			name = Main.storyboard;
			sourceTree = "<group>";
		};
		263256E71839B18C00B122DD /* InfoPlist.strings */ = {
			isa = PBXVariantGroup;
			children = (
				263256E81839B18C00B122DD /* en */,
			);
			name = InfoPlist.strings;
			sourceTree = "<group>";
		};
/* End PBXVariantGroup section */

/* Begin XCBuildConfiguration section */
		263256EC1839B18C00B122DD /* Debug */ = {
			isa = XCBuildConfiguration;
			buildSettings = {
				ALWAYS_SEARCH_USER_PATHS = NO;
				ARCHS = "$(ARCHS_STANDARD_INCLUDING_64_BIT)";
				CLANG_CXX_LANGUAGE_STANDARD = "gnu++0x";
				CLANG_CXX_LIBRARY = "libc++";
				CLANG_ENABLE_MODULES = YES;
				CLANG_ENABLE_OBJC_ARC = YES;
				CLANG_WARN_BOOL_CONVERSION = YES;
				CLANG_WARN_CONSTANT_CONVERSION = YES;
				CLANG_WARN_DIRECT_OBJC_ISA_USAGE = YES_ERROR;
				CLANG_WARN_EMPTY_BODY = YES;
				CLANG_WARN_ENUM_CONVERSION = YES;
				CLANG_WARN_INT_CONVERSION = YES;
				CLANG_WARN_OBJC_ROOT_CLASS = YES_ERROR;
				CLANG_WARN__DUPLICATE_METHOD_MATCH = YES;
				"CODE_SIGN_IDENTITY[sdk=iphoneos*]" = "iPhone Developer";
				COPY_PHASE_STRIP = NO;
				GCC_C_LANGUAGE_STANDARD = gnu99;
				GCC_DYNAMIC_NO_PIC = NO;
				GCC_OPTIMIZATION_LEVEL = 0;
				GCC_PREPROCESSOR_DEFINITIONS = (
					"DEBUG=1",
					"$(inherited)",
				);
				GCC_SYMBOLS_PRIVATE_EXTERN = NO;
				GCC_WARN_64_TO_32_BIT_CONVERSION = YES;
				GCC_WARN_ABOUT_RETURN_TYPE = YES_ERROR;
				GCC_WARN_UNDECLARED_SELECTOR = YES;
				GCC_WARN_UNINITIALIZED_AUTOS = YES;
				GCC_WARN_UNUSED_FUNCTION = YES;
				GCC_WARN_UNUSED_VARIABLE = YES;
				IPHONEOS_DEPLOYMENT_TARGET = 7.0;
				ONLY_ACTIVE_ARCH = YES;
				SDKROOT = iphoneos;
			};
			name = Debug;
		};
		263256ED1839B18C00B122DD /* Release */ = {
			isa = XCBuildConfiguration;
			buildSettings = {
				ALWAYS_SEARCH_USER_PATHS = NO;
				ARCHS = "$(ARCHS_STANDARD_INCLUDING_64_BIT)";
				CLANG_CXX_LANGUAGE_STANDARD = "gnu++0x";
				CLANG_CXX_LIBRARY = "libc++";
				CLANG_ENABLE_MODULES = YES;
				CLANG_ENABLE_OBJC_ARC = YES;
				CLANG_WARN_BOOL_CONVERSION = YES;
				CLANG_WARN_CONSTANT_CONVERSION = YES;
				CLANG_WARN_DIRECT_OBJC_ISA_USAGE = YES_ERROR;
				CLANG_WARN_EMPTY_BODY = YES;
				CLANG_WARN_ENUM_CONVERSION = YES;
				CLANG_WARN_INT_CONVERSION = YES;
				CLANG_WARN_OBJC_ROOT_CLASS = YES_ERROR;
				CLANG_WARN__DUPLICATE_METHOD_MATCH = YES;
				"CODE_SIGN_IDENTITY[sdk=iphoneos*]" = "iPhone Developer";
				COPY_PHASE_STRIP = YES;
				ENABLE_NS_ASSERTIONS = NO;
				GCC_C_LANGUAGE_STANDARD = gnu99;
				GCC_WARN_64_TO_32_BIT_CONVERSION = YES;
				GCC_WARN_ABOUT_RETURN_TYPE = YES_ERROR;
				GCC_WARN_UNDECLARED_SELECTOR = YES;
				GCC_WARN_UNINITIALIZED_AUTOS = YES;
				GCC_WARN_UNUSED_FUNCTION = YES;
				GCC_WARN_UNUSED_VARIABLE = YES;
				IPHONEOS_DEPLOYMENT_TARGET = 7.0;
				SDKROOT = iphoneos;
				VALIDATE_PRODUCT = YES;
			};
			name = Release;
		};
		263256EF1839B18C00B122DD /* Debug */ = {
			isa = XCBuildConfiguration;
			buildSettings = {
				ASSETCATALOG_COMPILER_APPICON_NAME = AppIcon;
				ASSETCATALOG_COMPILER_LAUNCHIMAGE_NAME = LaunchImage;
				GCC_PRECOMPILE_PREFIX_HEADER = YES;
				GCC_PREFIX_HEADER = "iOSControlDemo/iOSControlDemo-Prefix.pch";
				INFOPLIST_FILE = "iOSControlDemo/iOSControlDemo-Info.plist";
				PRODUCT_NAME = "$(TARGET_NAME)";
				WRAPPER_EXTENSION = app;
			};
			name = Debug;
		};
		263256F01839B18C00B122DD /* Release */ = {
			isa = XCBuildConfiguration;
			buildSettings = {
				ASSETCATALOG_COMPILER_APPICON_NAME = AppIcon;
				ASSETCATALOG_COMPILER_LAUNCHIMAGE_NAME = LaunchImage;
				GCC_PRECOMPILE_PREFIX_HEADER = YES;
				GCC_PREFIX_HEADER = "iOSControlDemo/iOSControlDemo-Prefix.pch";
				INFOPLIST_FILE = "iOSControlDemo/iOSControlDemo-Info.plist";
				PRODUCT_NAME = "$(TARGET_NAME)";
				WRAPPER_EXTENSION = app;
			};
			name = Release;
		};
		263256F21839B18C00B122DD /* Debug */ = {
			isa = XCBuildConfiguration;
			buildSettings = {
				ARCHS = "$(ARCHS_STANDARD_INCLUDING_64_BIT)";
				BUNDLE_LOADER = "$(BUILT_PRODUCTS_DIR)/iOSControlDemo.app/iOSControlDemo";
				FRAMEWORK_SEARCH_PATHS = (
					"$(SDKROOT)/Developer/Library/Frameworks",
					"$(inherited)",
					"$(DEVELOPER_FRAMEWORKS_DIR)",
				);
				GCC_PRECOMPILE_PREFIX_HEADER = YES;
				GCC_PREFIX_HEADER = "iOSControlDemo/iOSControlDemo-Prefix.pch";
				GCC_PREPROCESSOR_DEFINITIONS = (
					"DEBUG=1",
					"$(inherited)",
				);
				INFOPLIST_FILE = "iOSControlDemoTests/iOSControlDemoTests-Info.plist";
				PRODUCT_NAME = "$(TARGET_NAME)";
				TEST_HOST = "$(BUNDLE_LOADER)";
				WRAPPER_EXTENSION = xctest;
			};
			name = Debug;
		};
		263256F31839B18C00B122DD /* Release */ = {
			isa = XCBuildConfiguration;
			buildSettings = {
				ARCHS = "$(ARCHS_STANDARD_INCLUDING_64_BIT)";
				BUNDLE_LOADER = "$(BUILT_PRODUCTS_DIR)/iOSControlDemo.app/iOSControlDemo";
				FRAMEWORK_SEARCH_PATHS = (
					"$(SDKROOT)/Developer/Library/Frameworks",
					"$(inherited)",
					"$(DEVELOPER_FRAMEWORKS_DIR)",
				);
				GCC_PRECOMPILE_PREFIX_HEADER = YES;
				GCC_PREFIX_HEADER = "iOSControlDemo/iOSControlDemo-Prefix.pch";
				INFOPLIST_FILE = "iOSControlDemoTests/iOSControlDemoTests-Info.plist";
				PRODUCT_NAME = "$(TARGET_NAME)";
				TEST_HOST = "$(BUNDLE_LOADER)";
				WRAPPER_EXTENSION = xctest;
			};
			name = Release;
		};
/* End XCBuildConfiguration section */

/* Begin XCConfigurationList section */
		263256B71839B18C00B122DD /* Build configuration list for PBXProject "iOSControlDemo" */ = {
			isa = XCConfigurationList;
			buildConfigurations = (
				263256EC1839B18C00B122DD /* Debug */,
				263256ED1839B18C00B122DD /* Release */,
			);
			defaultConfigurationIsVisible = 0;
			defaultConfigurationName = Release;
		};
		263256EE1839B18C00B122DD /* Build configuration list for PBXNativeTarget "iOSControlDemo" */ = {
			isa = XCConfigurationList;
			buildConfigurations = (
				263256EF1839B18C00B122DD /* Debug */,
				263256F01839B18C00B122DD /* Release */,
			);
			defaultConfigurationIsVisible = 0;
		};
		263256F11839B18C00B122DD /* Build configuration list for PBXNativeTarget "iOSControlDemoTests" */ = {
			isa = XCConfigurationList;
			buildConfigurations = (
				263256F21839B18C00B122DD /* Debug */,
				263256F31839B18C00B122DD /* Release */,
			);
			defaultConfigurationIsVisible = 0;
		};
/* End XCConfigurationList section */
	};
	rootObject = 263256B41839B18C00B122DD /* Project object */;
}
